
Microsoft Visual Studio Solution File, Format Version 12.00
# Visual Studio Version 17
VisualStudioVersion = 17.9.34728.123
MinimumVisualStudioVersion = 10.0.40219.1
Project("{FAE04EC0-301F-11D3-BF4B-00C04F79EFBC}") = "KerbalSimpit", "src\KerbalSimpit\KerbalSimpit.csproj", "{ACABD7D1-82A2-4702-BAB2-A6DF2EF93602}"
EndProject
Project("{FAE04EC0-301F-11D3-BF4B-00C04F79EFBC}") = "COBS_test", "src\COBS_test\COBS_test.csproj", "{65110562-CC1B-424E-B972-6F53816C7D6A}"
EndProject
Project("{2150E333-8FDC-42A3-9474-1A3956D46DE8}") = "scripts", "scripts", "{8E96EE83-EE67-4250-9E72-FD6FD51C3B53}"
	ProjectSection(SolutionItems) = preProject
		scripts\make_release.bat = scripts\make_release.bat
		scripts\pre_build_simpit.bat = scripts\pre_build_simpit.bat
		scripts\verify_symlink.bat = scripts\verify_symlink.bat
	EndProjectSection
EndProject
Project("{2150E333-8FDC-42A3-9474-1A3956D46DE8}") = "src", "src", "{AD04774F-734E-4A1A-90AE-EE57FC6F3D5B}"
EndProject
Project("{FAE04EC0-301F-11D3-BF4B-00C04F79EFBC}") = "KerbalSimpit.Core", "src\KerbalSimpit.Core\KerbalSimpit.Core.csproj", "{C1CA6DA1-5C9A-49BB-A0B3-DEF57AC96665}"
EndProject
Project("{2150E333-8FDC-42A3-9474-1A3956D46DE8}") = "tests", "tests", "{B54AA587-63BF-49F0-8B28-20E58E4BF8E5}"
EndProject
Project("{FAE04EC0-301F-11D3-BF4B-00C04F79EFBC}") = "KerbalSimpit.Test.Core", "tests\KerbalSimpit.Test.Core\KerbalSimpit.Test.Core.csproj", "{50EB48BB-5BB8-4F06-8C2C-0DC4118D41BD}"
EndProject
Project("{FAE04EC0-301F-11D3-BF4B-00C04F79EFBC}") = "KerbalSimpit.Core.Kerbal", "src\KerbalSimpit.Core.Kerbal\KerbalSimpit.Core.Kerbal.csproj", "{367C0292-1344-47DE-B0D1-D0DE7BED0DE4}"
EndProject
Project("{FAE04EC0-301F-11D3-BF4B-00C04F79EFBC}") = "KerbalSimpit.Debugger", "src\KerbalSimpit.Debugger\KerbalSimpit.Debugger.csproj", "{437F90B8-4146-4F32-8D4B-17317633E489}"
EndProject
Global
	GlobalSection(SolutionConfigurationPlatforms) = preSolution
		Debug|Any CPU = Debug|Any CPU
		Release|Any CPU = Release|Any CPU
	EndGlobalSection
	GlobalSection(ProjectConfigurationPlatforms) = postSolution
		{ACABD7D1-82A2-4702-BAB2-A6DF2EF93602}.Debug|Any CPU.ActiveCfg = Debug|Any CPU
		{ACABD7D1-82A2-4702-BAB2-A6DF2EF93602}.Debug|Any CPU.Build.0 = Debug|Any CPU
		{ACABD7D1-82A2-4702-BAB2-A6DF2EF93602}.Release|Any CPU.ActiveCfg = Release|Any CPU
		{ACABD7D1-82A2-4702-BAB2-A6DF2EF93602}.Release|Any CPU.Build.0 = Release|Any CPU
		{65110562-CC1B-424E-B972-6F53816C7D6A}.Debug|Any CPU.ActiveCfg = Debug|Any CPU
		{65110562-CC1B-424E-B972-6F53816C7D6A}.Debug|Any CPU.Build.0 = Debug|Any CPU
		{65110562-CC1B-424E-B972-6F53816C7D6A}.Release|Any CPU.ActiveCfg = Release|Any CPU
		{65110562-CC1B-424E-B972-6F53816C7D6A}.Release|Any CPU.Build.0 = Release|Any CPU
		{C1CA6DA1-5C9A-49BB-A0B3-DEF57AC96665}.Debug|Any CPU.ActiveCfg = Debug|Any CPU
		{C1CA6DA1-5C9A-49BB-A0B3-DEF57AC96665}.Debug|Any CPU.Build.0 = Debug|Any CPU
		{C1CA6DA1-5C9A-49BB-A0B3-DEF57AC96665}.Release|Any CPU.ActiveCfg = Release|Any CPU
		{C1CA6DA1-5C9A-49BB-A0B3-DEF57AC96665}.Release|Any CPU.Build.0 = Release|Any CPU
		{50EB48BB-5BB8-4F06-8C2C-0DC4118D41BD}.Debug|Any CPU.ActiveCfg = Debug|Any CPU
		{50EB48BB-5BB8-4F06-8C2C-0DC4118D41BD}.Debug|Any CPU.Build.0 = Debug|Any CPU
		{50EB48BB-5BB8-4F06-8C2C-0DC4118D41BD}.Release|Any CPU.ActiveCfg = Release|Any CPU
		{50EB48BB-5BB8-4F06-8C2C-0DC4118D41BD}.Release|Any CPU.Build.0 = Release|Any CPU
		{367C0292-1344-47DE-B0D1-D0DE7BED0DE4}.Debug|Any CPU.ActiveCfg = Debug|Any CPU
		{367C0292-1344-47DE-B0D1-D0DE7BED0DE4}.Debug|Any CPU.Build.0 = Debug|Any CPU
		{367C0292-1344-47DE-B0D1-D0DE7BED0DE4}.Release|Any CPU.ActiveCfg = Release|Any CPU
		{367C0292-1344-47DE-B0D1-D0DE7BED0DE4}.Release|Any CPU.Build.0 = Release|Any CPU
		{437F90B8-4146-4F32-8D4B-17317633E489}.Debug|Any CPU.ActiveCfg = Debug|Any CPU
		{437F90B8-4146-4F32-8D4B-17317633E489}.Debug|Any CPU.Build.0 = Debug|Any CPU
		{437F90B8-4146-4F32-8D4B-17317633E489}.Release|Any CPU.ActiveCfg = Release|Any CPU
		{437F90B8-4146-4F32-8D4B-17317633E489}.Release|Any CPU.Build.0 = Release|Any CPU
	EndGlobalSection
	GlobalSection(SolutionProperties) = preSolution
		HideSolutionNode = FALSE
	EndGlobalSection
	GlobalSection(NestedProjects) = preSolution
		{ACABD7D1-82A2-4702-BAB2-A6DF2EF93602} = {AD04774F-734E-4A1A-90AE-EE57FC6F3D5B}
		{65110562-CC1B-424E-B972-6F53816C7D6A} = {AD04774F-734E-4A1A-90AE-EE57FC6F3D5B}
		{C1CA6DA1-5C9A-49BB-A0B3-DEF57AC96665} = {AD04774F-734E-4A1A-90AE-EE57FC6F3D5B}
		{50EB48BB-5BB8-4F06-8C2C-0DC4118D41BD} = {B54AA587-63BF-49F0-8B28-20E58E4BF8E5}
		{367C0292-1344-47DE-B0D1-D0DE7BED0DE4} = {AD04774F-734E-4A1A-90AE-EE57FC6F3D5B}
		{437F90B8-4146-4F32-8D4B-17317633E489} = {AD04774F-734E-4A1A-90AE-EE57FC6F3D5B}
	EndGlobalSection
	GlobalSection(ExtensibilityGlobals) = postSolution
		SolutionGuid = {6AA82C42-BDA1-4B49-9C6F-1DE87648D6DA}
	EndGlobalSection
EndGlobal
